{
  "object": {
    "pins": [
      {
        "package": "AppStoreUpdateCheck",
        "repositoryURL": "https://github.com/muk-y/AppStoreUpdateCheck.git",
        "state": {
          "branch": "dev",
          "revision": "ed0662bdd6af4bae62c19ce323d640e0d0c1a27a",
          "version": null
        }
      }
    ]
  },
  "version": 1
}
