{
  "object": {
    "pins": [
      {
        "package": "AppStoreUpdateCheck",
        "repositoryURL": "https://github.com/muk-y/AppStoreUpdateCheck.git",
        "state": {
          "branch": "dev",
          "revision": "933c883586c7834f34228774b572b71f19b02f06",
          "version": null
        }
      }
    ]
  },
  "version": 1
}
