{
  "object": {
    "pins": [
      {
        "package": "AppStoreUpdateCheck",
        "repositoryURL": "https://github.com/muk-y/AppStoreUpdateCheck.git",
        "state": {
          "branch": "dev",
          "revision": "befcdcfcdf366f4aec66f1de8bcac09b6a5eb4ac",
          "version": null
        }
      }
    ]
  },
  "version": 1
}
